// !$*UTF8*$!
{
	archiveVersion = 1;
	classes = {
	};
	objectVersion = 50;
	objects = {

/* Begin PBXBuildFile section */
		683F26CD241D1BE6003049E5 /* AppDelegate.swift in Sources */ = {isa = PBXBuildFile; fileRef = 683F26CC241D1BE6003049E5 /* AppDelegate.swift */; };
		683F26CF241D1BE6003049E5 /* SceneDelegate.swift in Sources */ = {isa = PBXBuildFile; fileRef = 683F26CE241D1BE6003049E5 /* SceneDelegate.swift */; };
		683F26D2241D1BE6003049E5 /* WhatToEat2_0.xcdatamodeld in Sources */ = {isa = PBXBuildFile; fileRef = 683F26D0241D1BE6003049E5 /* WhatToEat2_0.xcdatamodeld */; };
		683F26D4241D1BE6003049E5 /* ContentView.swift in Sources */ = {isa = PBXBuildFile; fileRef = 683F26D3241D1BE6003049E5 /* ContentView.swift */; };
		683F26D6241D1BEC003049E5 /* Assets.xcassets in Resources */ = {isa = PBXBuildFile; fileRef = 683F26D5241D1BEC003049E5 /* Assets.xcassets */; };
		683F26D9241D1BEC003049E5 /* Preview Assets.xcassets in Resources */ = {isa = PBXBuildFile; fileRef = 683F26D8241D1BEC003049E5 /* Preview Assets.xcassets */; };
		683F26DC241D1BEC003049E5 /* LaunchScreen.storyboard in Resources */ = {isa = PBXBuildFile; fileRef = 683F26DA241D1BEC003049E5 /* LaunchScreen.storyboard */; };
/* End PBXBuildFile section */

/* Begin PBXFileReference section */
		683F26C9241D1BE6003049E5 /* WhatToEat2.0.app */ = {isa = PBXFileReference; explicitFileType = wrapper.application; includeInIndex = 0; path = WhatToEat2.0.app; sourceTree = BUILT_PRODUCTS_DIR; };
		683F26CC241D1BE6003049E5 /* AppDelegate.swift */ = {isa = PBXFileReference; lastKnownFileType = sourcecode.swift; path = AppDelegate.swift; sourceTree = "<group>"; };
		683F26CE241D1BE6003049E5 /* SceneDelegate.swift */ = {isa = PBXFileReference; lastKnownFileType = sourcecode.swift; path = SceneDelegate.swift; sourceTree = "<group>"; };
		683F26D1241D1BE6003049E5 /* WhatToEat2_0.xcdatamodel */ = {isa = PBXFileReference; lastKnownFileType = wrapper.xcdatamodel; path = WhatToEat2_0.xcdatamodel; sourceTree = "<group>"; };
		683F26D3241D1BE6003049E5 /* ContentView.swift */ = {isa = PBXFileReference; lastKnownFileType = sourcecode.swift; path = ContentView.swift; sourceTree = "<group>"; };
		683F26D5241D1BEC003049E5 /* Assets.xcassets */ = {isa = PBXFileReference; lastKnownFileType = folder.assetcatalog; path = Assets.xcassets; sourceTree = "<group>"; };
		683F26D8241D1BEC003049E5 /* Preview Assets.xcassets */ = {isa = PBXFileReference; lastKnownFileType = folder.assetcatalog; path = "Preview Assets.xcassets"; sourceTree = "<group>"; };
		683F26DB241D1BEC003049E5 /* Base */ = {isa = PBXFileReference; lastKnownFileType = file.storyboard; name = Base; path = Base.lproj/LaunchScreen.storyboard; sourceTree = "<group>"; };
		683F26DD241D1BEC003049E5 /* Info.plist */ = {isa = PBXFileReference; lastKnownFileType = text.plist.xml; path = Info.plist; sourceTree = "<group>"; };
/* End PBXFileReference section */

/* Begin PBXFrameworksBuildPhase section */
		683F26C6241D1BE6003049E5 /* Frameworks */ = {
			isa = PBXFrameworksBuildPhase;
			buildActionMask = 2147483647;
			files = (
			);
			runOnlyForDeploymentPostprocessing = 0;
		};
/* End PBXFrameworksBuildPhase section */

/* Begin PBXGroup section */
		683F26C0241D1BE6003049E5 = {
			isa = PBXGroup;
			children = (
				683F26CB241D1BE6003049E5 /* WhatToEat2.0 */,
				683F26CA241D1BE6003049E5 /* Products */,
			);
			sourceTree = "<group>";
		};
		683F26CA241D1BE6003049E5 /* Products */ = {
			isa = PBXGroup;
			children = (
				683F26C9241D1BE6003049E5 /* WhatToEat2.0.app */,
			);
			name = Products;
			sourceTree = "<group>";
		};
		683F26CB241D1BE6003049E5 /* WhatToEat2.0 */ = {
			isa = PBXGroup;
			children = (
				683F26CC241D1BE6003049E5 /* AppDelegate.swift */,
				683F26CE241D1BE6003049E5 /* SceneDelegate.swift */,
				683F26D3241D1BE6003049E5 /* ContentView.swift */,
				683F26D5241D1BEC003049E5 /* Assets.xcassets */,
				683F26DA241D1BEC003049E5 /* LaunchScreen.storyboard */,
				683F26DD241D1BEC003049E5 /* Info.plist */,
				683F26D0241D1BE6003049E5 /* WhatToEat2_0.xcdatamodeld */,
				683F26D7241D1BEC003049E5 /* Preview Content */,
			);
			path = WhatToEat2.0;
			sourceTree = "<group>";
		};
		683F26D7241D1BEC003049E5 /* Preview Content */ = {
			isa = PBXGroup;
			children = (
				683F26D8241D1BEC003049E5 /* Preview Assets.xcassets */,
			);
			path = "Preview Content";
			sourceTree = "<group>";
		};
/* End PBXGroup section */

/* Begin PBXNativeTarget section */
		683F26C8241D1BE6003049E5 /* WhatToEat2.0 */ = {
			isa = PBXNativeTarget;
			buildConfigurationList = 683F26E0241D1BEC003049E5 /* Build configuration list for PBXNativeTarget "WhatToEat2.0" */;
			buildPhases = (
				683F26C5241D1BE6003049E5 /* Sources */,
				683F26C6241D1BE6003049E5 /* Frameworks */,
				683F26C7241D1BE6003049E5 /* Resources */,
			);
			buildRules = (
			);
			dependencies = (
			);
			name = WhatToEat2.0;
			productName = WhatToEat2.0;
			productReference = 683F26C9241D1BE6003049E5 /* WhatToEat2.0.app */;
			productType = "com.apple.product-type.application";
		};
/* End PBXNativeTarget section */

/* Begin PBXProject section */
		683F26C1241D1BE6003049E5 /* Project object */ = {
			isa = PBXProject;
			attributes = {
				LastSwiftUpdateCheck = 1130;
				LastUpgradeCheck = 1130;
				ORGANIZATIONNAME = "City-University-Of-Hong-Kong";
				TargetAttributes = {
					683F26C8241D1BE6003049E5 = {
						CreatedOnToolsVersion = 11.3.1;
					};
				};
			};
			buildConfigurationList = 683F26C4241D1BE6003049E5 /* Build configuration list for PBXProject "WhatToEat2.0" */;
			compatibilityVersion = "Xcode 9.3";
			developmentRegion = en;
			hasScannedForEncodings = 0;
			knownRegions = (
				en,
				Base,
			);
			mainGroup = 683F26C0241D1BE6003049E5;
			productRefGroup = 683F26CA241D1BE6003049E5 /* Products */;
			projectDirPath = "";
			projectRoot = "";
			targets = (
				683F26C8241D1BE6003049E5 /* WhatToEat2.0 */,
			);
		};
/* End PBXProject section */

/* Begin PBXResourcesBuildPhase section */
		683F26C7241D1BE6003049E5 /* Resources */ = {
			isa = PBXResourcesBuildPhase;
			buildActionMask = 2147483647;
			files = (
				683F26DC241D1BEC003049E5 /* LaunchScreen.storyboard in Resources */,
				683F26D9241D1BEC003049E5 /* Preview Assets.xcassets in Resources */,
				683F26D6241D1BEC003049E5 /* Assets.xcassets in Resources */,
			);
			runOnlyForDeploymentPostprocessing = 0;
		};
/* End PBXResourcesBuildPhase section */

/* Begin PBXSourcesBuildPhase section */
		683F26C5241D1BE6003049E5 /* Sources */ = {
			isa = PBXSourcesBuildPhase;
			buildActionMask = 2147483647;
			files = (
				683F26CD241D1BE6003049E5 /* AppDelegate.swift in Sources */,
				683F26D2241D1BE6003049E5 /* WhatToEat2_0.xcdatamodeld in Sources */,
				683F26D4241D1BE6003049E5 /* ContentView.swift in Sources */,
				683F26CF241D1BE6003049E5 /* SceneDelegate.swift in Sources */,
			);
			runOnlyForDeploymentPostprocessing = 0;
		};
/* End PBXSourcesBuildPhase section */

/* Begin PBXVariantGroup section */
		683F26DA241D1BEC003049E5 /* LaunchScreen.storyboard */ = {
			isa = PBXVariantGroup;
			children = (
				683F26DB241D1BEC003049E5 /* Base */,
			);
			name = LaunchScreen.storyboard;
			sourceTree = "<group>";
		};
/* End PBXVariantGroup section */

/* Begin XCBuildConfiguration section */
		683F26DE241D1BEC003049E5 /* Debug */ = {
			isa = XCBuildConfiguration;
			buildSettings = {
				ALWAYS_SEARCH_USER_PATHS = NO;
				CLANG_ANALYZER_NONNULL = YES;
				CLANG_ANALYZER_NUMBER_OBJECT_CONVERSION = YES_AGGRESSIVE;
				CLANG_CXX_LANGUAGE_STANDARD = "gnu++14";
				CLANG_CXX_LIBRARY = "libc++";
				CLANG_ENABLE_MODULES = YES;
				CLANG_ENABLE_OBJC_ARC = YES;
				CLANG_ENABLE_OBJC_WEAK = YES;
				CLANG_WARN_BLOCK_CAPTURE_AUTORELEASING = YES;
				CLANG_WARN_BOOL_CONVERSION = YES;
				CLANG_WARN_COMMA = YES;
				CLANG_WARN_CONSTANT_CONVERSION = YES;
				CLANG_WARN_DEPRECATED_OBJC_IMPLEMENTATIONS = YES;
				CLANG_WARN_DIRECT_OBJC_ISA_USAGE = YES_ERROR;
				CLANG_WARN_DOCUMENTATION_COMMENTS = YES;
				CLANG_WARN_EMPTY_BODY = YES;
				CLANG_WARN_ENUM_CONVERSION = YES;
				CLANG_WARN_INFINITE_RECURSION = YES;
				CLANG_WARN_INT_CONVERSION = YES;
				CLANG_WARN_NON_LITERAL_NULL_CONVERSION = YES;
				CLANG_WARN_OBJC_IMPLICIT_RETAIN_SELF = YES;
				CLANG_WARN_OBJC_LITERAL_CONVERSION = YES;
				CLANG_WARN_OBJC_ROOT_CLASS = YES_ERROR;
				CLANG_WARN_RANGE_LOOP_ANALYSIS = YES;
				CLANG_WARN_STRICT_PROTOTYPES = YES;
				CLANG_WARN_SUSPICIOUS_MOVE = YES;
				CLANG_WARN_UNGUARDED_AVAILABILITY = YES_AGGRESSIVE;
				CLANG_WARN_UNREACHABLE_CODE = YES;
				CLANG_WARN__DUPLICATE_METHOD_MATCH = YES;
				COPY_PHASE_STRIP = NO;
				DEBUG_INFORMATION_FORMAT = dwarf;
				ENABLE_STRICT_OBJC_MSGSEND = YES;
				ENABLE_TESTABILITY = YES;
				GCC_C_LANGUAGE_STANDARD = gnu11;
				GCC_DYNAMIC_NO_PIC = NO;
				GCC_NO_COMMON_BLOCKS = YES;
				GCC_OPTIMIZATION_LEVEL = 0;
				GCC_PREPROCESSOR_DEFINITIONS = (
					"DEBUG=1",
					"$(inherited)",
				);
				GCC_WARN_64_TO_32_BIT_CONVERSION = YES;
				GCC_WARN_ABOUT_RETURN_TYPE = YES_ERROR;
				GCC_WARN_UNDECLARED_SELECTOR = YES;
				GCC_WARN_UNINITIALIZED_AUTOS = YES_AGGRESSIVE;
				GCC_WARN_UNUSED_FUNCTION = YES;
				GCC_WARN_UNUSED_VARIABLE = YES;
				IPHONEOS_DEPLOYMENT_TARGET = 13.2;
				MTL_ENABLE_DEBUG_INFO = INCLUDE_SOURCE;
				MTL_FAST_MATH = YES;
				ONLY_ACTIVE_ARCH = YES;
				SDKROOT = iphoneos;
				SWIFT_ACTIVE_COMPILATION_CONDITIONS = DEBUG;
				SWIFT_OPTIMIZATION_LEVEL = "-Onone";
			};
			name = Debug;
		};
		683F26DF241D1BEC003049E5 /* Release */ = {
			isa = XCBuildConfiguration;
			buildSettings = {
				ALWAYS_SEARCH_USER_PATHS = NO;
				CLANG_ANALYZER_NONNULL = YES;
				CLANG_ANALYZER_NUMBER_OBJECT_CONVERSION = YES_AGGRESSIVE;
				CLANG_CXX_LANGUAGE_STANDARD = "gnu++14";
				CLANG_CXX_LIBRARY = "libc++";
				CLANG_ENABLE_MODULES = YES;
				CLANG_ENABLE_OBJC_ARC = YES;
				CLANG_ENABLE_OBJC_WEAK = YES;
				CLANG_WARN_BLOCK_CAPTURE_AUTORELEASING = YES;
				CLANG_WARN_BOOL_CONVERSION = YES;
				CLANG_WARN_COMMA = YES;
				CLANG_WARN_CONSTANT_CONVERSION = YES;
				CLANG_WARN_DEPRECATED_OBJC_IMPLEMENTATIONS = YES;
				CLANG_WARN_DIRECT_OBJC_ISA_USAGE = YES_ERROR;
				CLANG_WARN_DOCUMENTATION_COMMENTS = YES;
				CLANG_WARN_EMPTY_BODY = YES;
				CLANG_WARN_ENUM_CONVERSION = YES;
				CLANG_WARN_INFINITE_RECURSION = YES;
				CLANG_WARN_INT_CONVERSION = YES;
				CLANG_WARN_NON_LITERAL_NULL_CONVERSION = YES;
				CLANG_WARN_OBJC_IMPLICIT_RETAIN_SELF = YES;
				CLANG_WARN_OBJC_LITERAL_CONVERSION = YES;
				CLANG_WARN_OBJC_ROOT_CLASS = YES_ERROR;
				CLANG_WARN_RANGE_LOOP_ANALYSIS = YES;
				CLANG_WARN_STRICT_PROTOTYPES = YES;
				CLANG_WARN_SUSPICIOUS_MOVE = YES;
				CLANG_WARN_UNGUARDED_AVAILABILITY = YES_AGGRESSIVE;
				CLANG_WARN_UNREACHABLE_CODE = YES;
				CLANG_WARN__DUPLICATE_METHOD_MATCH = YES;
				COPY_PHASE_STRIP = NO;
				DEBUG_INFORMATION_FORMAT = "dwarf-with-dsym";
				ENABLE_NS_ASSERTIONS = NO;
				ENABLE_STRICT_OBJC_MSGSEND = YES;
				GCC_C_LANGUAGE_STANDARD = gnu11;
				GCC_NO_COMMON_BLOCKS = YES;
				GCC_WARN_64_TO_32_BIT_CONVERSION = YES;
				GCC_WARN_ABOUT_RETURN_TYPE = YES_ERROR;
				GCC_WARN_UNDECLARED_SELECTOR = YES;
				GCC_WARN_UNINITIALIZED_AUTOS = YES_AGGRESSIVE;
				GCC_WARN_UNUSED_FUNCTION = YES;
				GCC_WARN_UNUSED_VARIABLE = YES;
				IPHONEOS_DEPLOYMENT_TARGET = 13.2;
				MTL_ENABLE_DEBUG_INFO = NO;
				MTL_FAST_MATH = YES;
				SDKROOT = iphoneos;
				SWIFT_COMPILATION_MODE = wholemodule;
				SWIFT_OPTIMIZATION_LEVEL = "-O";
				VALIDATE_PRODUCT = YES;
			};
			name = Release;
		};
		683F26E1241D1BEC003049E5 /* Debug */ = {
			isa = XCBuildConfiguration;
			buildSettings = {
				ASSETCATALOG_COMPILER_APPICON_NAME = AppIcon;
				CODE_SIGN_STYLE = Automatic;
				DEVELOPMENT_ASSET_PATHS = "\"WhatToEat2.0/Preview Content\"";
				DEVELOPMENT_TEAM = XBV2F8ADL4;
				ENABLE_PREVIEWS = YES;
				INFOPLIST_FILE = WhatToEat2.0/Info.plist;
				LD_RUNPATH_SEARCH_PATHS = (
					"$(inherited)",
					"@executable_path/Frameworks",
				);
				PRODUCT_BUNDLE_IDENTIFIER = "CityU.WhatToEat2-0";
				PRODUCT_NAME = "$(TARGET_NAME)";
				SWIFT_VERSION = 5.0;
				TARGETED_DEVICE_FAMILY = "1,2";
			};
			name = Debug;
		};
		683F26E2241D1BEC003049E5 /* Release */ = {
			isa = XCBuildConfiguration;
			buildSettings = {
				ASSETCATALOG_COMPILER_APPICON_NAME = AppIcon;
				CODE_SIGN_STYLE = Automatic;
				DEVELOPMENT_ASSET_PATHS = "\"WhatToEat2.0/Preview Content\"";
				DEVELOPMENT_TEAM = XBV2F8ADL4;
				ENABLE_PREVIEWS = YES;
				INFOPLIST_FILE = WhatToEat2.0/Info.plist;
				LD_RUNPATH_SEARCH_PATHS = (
					"$(inherited)",
					"@executable_path/Frameworks",
				);
				PRODUCT_BUNDLE_IDENTIFIER = "CityU.WhatToEat2-0";
				PRODUCT_NAME = "$(TARGET_NAME)";
				SWIFT_VERSION = 5.0;
				TARGETED_DEVICE_FAMILY = "1,2";
			};
			name = Release;
		};
/* End XCBuildConfiguration section */

/* Begin XCConfigurationList section */
		683F26C4241D1BE6003049E5 /* Build configuration list for PBXProject "WhatToEat2.0" */ = {
			isa = XCConfigurationList;
			buildConfigurations = (
				683F26DE241D1BEC003049E5 /* Debug */,
				683F26DF241D1BEC003049E5 /* Release */,
			);
			defaultConfigurationIsVisible = 0;
			defaultConfigurationName = Release;
		};
		683F26E0241D1BEC003049E5 /* Build configuration list for PBXNativeTarget "WhatToEat2.0" */ = {
			isa = XCConfigurationList;
			buildConfigurations = (
				683F26E1241D1BEC003049E5 /* Debug */,
				683F26E2241D1BEC003049E5 /* Release */,
			);
			defaultConfigurationIsVisible = 0;
			defaultConfigurationName = Release;
		};
/* End XCConfigurationList section */

/* Begin XCVersionGroup section */
		683F26D0241D1BE6003049E5 /* WhatToEat2_0.xcdatamodeld */ = {
			isa = XCVersionGroup;
			children = (
				683F26D1241D1BE6003049E5 /* WhatToEat2_0.xcdatamodel */,
			);
			currentVersion = 683F26D1241D1BE6003049E5 /* WhatToEat2_0.xcdatamodel */;
			path = WhatToEat2_0.xcdatamodeld;
			sourceTree = "<group>";
			versionGroupType = wrapper.xcdatamodel;
		};
/* End XCVersionGroup section */
	};
	rootObject = 683F26C1241D1BE6003049E5 /* Project object */;
}
